
Microsoft Visual Studio Solution File, Format Version 12.00
# Visual Studio Version 17
VisualStudioVersion = 17.8.34330.188
MinimumVisualStudioVersion = 10.0.40219.1
Project("{2150E333-8FDC-42A3-9474-1A3956D46DE8}") = "OrderService", "OrderService", "{3EA544A0-BC49-4653-8603-52E060F2743D}"
EndProject
Project("{2150E333-8FDC-42A3-9474-1A3956D46DE8}") = "ProductService", "ProductService", "{FB6B0E24-B8E0-4702-8D2F-AD90E652A641}"
EndProject
Project("{2150E333-8FDC-42A3-9474-1A3956D46DE8}") = "NotificationService", "NotificationService", "{C9FD58D4-4BE6-4225-9C3F-949B46004AB5}"
EndProject
Project("{2150E333-8FDC-42A3-9474-1A3956D46DE8}") = "PaymentService", "PaymentService", "{6E3483F7-4D70-4726-80C8-0849E9F52816}"
EndProject
Project("{2150E333-8FDC-42A3-9474-1A3956D46DE8}") = "UserService", "UserService", "{5E47501D-94E1-44AE-9037-740FBA237F21}"
EndProject
Project("{9A19103F-16F7-4668-BE54-9A1E7A4F7556}") = "NotificationService.Domain", "NotificationService.Domain\NotificationService.Domain.csproj", "{302CD5FF-DF64-4BC1-ACAE-970B04C0DB3D}"
EndProject
Project("{9A19103F-16F7-4668-BE54-9A1E7A4F7556}") = "NotificationService.Infrastructure", "NotificationService.Infrastructure\NotificationService.Infrastructure.csproj", "{14F1FB95-EECF-49FB-9D1E-C874C3FBA20A}"
EndProject
Project("{9A19103F-16F7-4668-BE54-9A1E7A4F7556}") = "NotificationService.Application", "NotificationService.Application\NotificationService.Application.csproj", "{795DBB1F-10A9-4B95-8B0B-F2BDC4722406}"
EndProject
Project("{9A19103F-16F7-4668-BE54-9A1E7A4F7556}") = "NotificationService.API", "NotificationService.API\NotificationService.API.csproj", "{C0A3652F-8B82-434B-A5E3-D650A4076848}"
EndProject
Project("{9A19103F-16F7-4668-BE54-9A1E7A4F7556}") = "NotificationService.Tests", "NotificationService.Tests\NotificationService.Tests.csproj", "{183CB811-96F4-4798-9774-A83B5EEE4FCF}"
EndProject
Project("{9A19103F-16F7-4668-BE54-9A1E7A4F7556}") = "OrderService.Domain", "OrderService.Domain\OrderService.Domain.csproj", "{948CDD22-61DA-4E27-B395-C98735963336}"
EndProject
Project("{9A19103F-16F7-4668-BE54-9A1E7A4F7556}") = "OrderService.Infrastructure", "OrderService.Infrastructure\OrderService.Infrastructure.csproj", "{7C7E7C13-65EC-4FF7-AA25-E53FC620F61B}"
EndProject
Project("{9A19103F-16F7-4668-BE54-9A1E7A4F7556}") = "OrderService.Application", "OrderService.Application\OrderService.Application.csproj", "{F80B8897-4134-462E-9A22-2B181C81DCC7}"
EndProject
Project("{9A19103F-16F7-4668-BE54-9A1E7A4F7556}") = "OrderService.API", "OrderService.API\OrderService.API.csproj", "{8350F82F-E101-4D4A-89F3-25D0362916B3}"
EndProject
Project("{9A19103F-16F7-4668-BE54-9A1E7A4F7556}") = "OrderService.Tests", "OrderService.Tests\OrderService.Tests.csproj", "{E6F821B8-101C-41C7-B137-8B6CD5539096}"
EndProject
Project("{9A19103F-16F7-4668-BE54-9A1E7A4F7556}") = "PaymentService.Domain", "PaymentService.Domain\PaymentService.Domain.csproj", "{8B11495D-049A-45DF-9CE8-989FEB3A200E}"
EndProject
Project("{9A19103F-16F7-4668-BE54-9A1E7A4F7556}") = "PaymentService.Infrastructure", "PaymentService.Infrastructure\PaymentService.Infrastructure.csproj", "{D425064E-3690-4F25-ADBD-6180A5680CC0}"
EndProject
Project("{9A19103F-16F7-4668-BE54-9A1E7A4F7556}") = "PaymentService.Application", "PaymentService.Application\PaymentService.Application.csproj", "{4E854705-2A73-4B98-83BE-B72EF44FEE96}"
EndProject
Project("{9A19103F-16F7-4668-BE54-9A1E7A4F7556}") = "PaymentService.API", "PaymentService.API\PaymentService.API.csproj", "{E15E8B96-5CBF-454C-955B-AFE6E230D11B}"
EndProject
Project("{9A19103F-16F7-4668-BE54-9A1E7A4F7556}") = "PaymentService.Tests", "PaymentService.Tests\PaymentService.Tests.csproj", "{85B5F764-C83F-43FE-88C4-2344EA1BA427}"
EndProject
Project("{9A19103F-16F7-4668-BE54-9A1E7A4F7556}") = "ProductService.Domain", "ProductService.Domain\ProductService.Domain.csproj", "{FEDBC239-1B5B-43B5-AA08-42FF713F41FE}"
EndProject
Project("{9A19103F-16F7-4668-BE54-9A1E7A4F7556}") = "ProductService.Infrastructure", "ProductService.Infrastructure\ProductService.Infrastructure.csproj", "{037DBF25-6F36-40E8-BBD4-AD271D0DC8D2}"
EndProject
Project("{9A19103F-16F7-4668-BE54-9A1E7A4F7556}") = "ProductService.Application", "ProductService.Application\ProductService.Application.csproj", "{46CA1618-A415-43FD-B8FE-F2A534370302}"
EndProject
Project("{9A19103F-16F7-4668-BE54-9A1E7A4F7556}") = "ProductService.API", "ProductService.API\ProductService.API.csproj", "{32A8C9F0-DB55-4743-9D12-FE130130B8DA}"
EndProject
Project("{9A19103F-16F7-4668-BE54-9A1E7A4F7556}") = "ProductService.Tests", "ProductService.Tests\ProductService.Tests.csproj", "{12178C97-F557-485C-BE65-A0ADC0ACE586}"
EndProject
Project("{9A19103F-16F7-4668-BE54-9A1E7A4F7556}") = "UserService.Domain", "UserService.Domain\UserService.Domain.csproj", "{53579318-3D06-43B6-B8EE-F88DAAC1085D}"
EndProject
Project("{9A19103F-16F7-4668-BE54-9A1E7A4F7556}") = "UserService.Infrastructure", "UserService.Infrastructure\UserService.Infrastructure.csproj", "{34C7E6B5-C955-41A5-A487-A3F93F79D433}"
EndProject
Project("{9A19103F-16F7-4668-BE54-9A1E7A4F7556}") = "UserService.Application", "UserService.Application\UserService.Application.csproj", "{AFD94AD8-D64C-478F-B8B8-0A4D8DFE6E8B}"
EndProject
Project("{9A19103F-16F7-4668-BE54-9A1E7A4F7556}") = "UserService.API", "UserService.API\UserService.API.csproj", "{09A43607-D9A1-48BA-8311-CB50FA3D1AAB}"
EndProject
Project("{9A19103F-16F7-4668-BE54-9A1E7A4F7556}") = "UserService.Tests", "UserService.Tests\UserService.Tests.csproj", "{32E1D32A-4781-4DD9-A357-2D69BDCEB28A}"
EndProject
Project("{FAE04EC0-301F-11D3-BF4B-00C04F79EFBC}") = "OrderService.Contract", "OrderService.Contract\OrderService.Contract.csproj", "{62509645-BDA1-4E74-90A3-E0ECA2D73699}"
EndProject
Project("{2150E333-8FDC-42A3-9474-1A3956D46DE8}") = "Messaging", "Messaging", "{02EA681E-C7D8-13C7-8484-4AC65E1B71E8}"
EndProject
Project("{FAE04EC0-301F-11D3-BF4B-00C04F79EFBC}") = "Messaging.Common", "Messaging.Common\Messaging.Common.csproj", "{89348A33-BD8C-40E4-AD85-ACE4D4F5D34B}"
EndProject
Project("{FAE04EC0-301F-11D3-BF4B-00C04F79EFBC}") = "NotificationService.Contract", "NotificationService.Contract\NotificationService.Contract.csproj", "{7B6D0960-1809-40DF-8AC5-5C3A783EF1BE}"
EndProject
Project("{FAE04EC0-301F-11D3-BF4B-00C04F79EFBC}") = "ProductService.Contract", "ProductService.Contract\ProductService.Contract.csproj", "{108FE894-55BC-4900-8A01-2AE2807C3CAB}"
EndProject
Project("{2150E333-8FDC-42A3-9474-1A3956D46DE8}") = "OrchestratorService", "OrchestratorService", "{4D260BD5-2B70-4379-9DF2-0E2395E694A6}"
EndProject
Project("{FAE04EC0-301F-11D3-BF4B-00C04F79EFBC}") = "OrchestratorService.Contract", "OrchestratorService.Contract\OrchestratorService.Contract.csproj", "{71836073-E8BC-431F-B833-E83FA837FACF}"
EndProject
Project("{FAE04EC0-301F-11D3-BF4B-00C04F79EFBC}") = "OrchestratorService.Application", "OrchestratorService.Application\OrchestratorService.Application.csproj", "{3843963B-97DE-46D7-ABC2-DC7654FDBFCD}"
EndProject
Project("{FAE04EC0-301F-11D3-BF4B-00C04F79EFBC}") = "OrchestratorService.Infrastructure", "OrchestratorService.Infrastructure\OrchestratorService.Infrastructure.csproj", "{8A13AE42-F95D-413B-B5E8-23BFDAB90F03}"
EndProject
Project("{FAE04EC0-301F-11D3-BF4B-00C04F79EFBC}") = "OrchestratorService.API", "OrchestratorService.API\OrchestratorService.API.csproj", "{1018CC2E-A34C-49E5-B289-10D5B66FE59C}"
EndProject
Global
	GlobalSection(SolutionConfigurationPlatforms) = preSolution
		Debug|Any CPU = Debug|Any CPU
		Release|Any CPU = Release|Any CPU
	EndGlobalSection
	GlobalSection(ProjectConfigurationPlatforms) = postSolution
		{302CD5FF-DF64-4BC1-ACAE-970B04C0DB3D}.Debug|Any CPU.ActiveCfg = Debug|Any CPU
		{302CD5FF-DF64-4BC1-ACAE-970B04C0DB3D}.Debug|Any CPU.Build.0 = Debug|Any CPU
		{302CD5FF-DF64-4BC1-ACAE-970B04C0DB3D}.Release|Any CPU.ActiveCfg = Release|Any CPU
		{302CD5FF-DF64-4BC1-ACAE-970B04C0DB3D}.Release|Any CPU.Build.0 = Release|Any CPU
		{14F1FB95-EECF-49FB-9D1E-C874C3FBA20A}.Debug|Any CPU.ActiveCfg = Debug|Any CPU
		{14F1FB95-EECF-49FB-9D1E-C874C3FBA20A}.Debug|Any CPU.Build.0 = Debug|Any CPU
		{14F1FB95-EECF-49FB-9D1E-C874C3FBA20A}.Release|Any CPU.ActiveCfg = Release|Any CPU
		{14F1FB95-EECF-49FB-9D1E-C874C3FBA20A}.Release|Any CPU.Build.0 = Release|Any CPU
		{795DBB1F-10A9-4B95-8B0B-F2BDC4722406}.Debug|Any CPU.ActiveCfg = Debug|Any CPU
		{795DBB1F-10A9-4B95-8B0B-F2BDC4722406}.Debug|Any CPU.Build.0 = Debug|Any CPU
		{795DBB1F-10A9-4B95-8B0B-F2BDC4722406}.Release|Any CPU.ActiveCfg = Release|Any CPU
		{795DBB1F-10A9-4B95-8B0B-F2BDC4722406}.Release|Any CPU.Build.0 = Release|Any CPU
		{C0A3652F-8B82-434B-A5E3-D650A4076848}.Debug|Any CPU.ActiveCfg = Debug|Any CPU
		{C0A3652F-8B82-434B-A5E3-D650A4076848}.Debug|Any CPU.Build.0 = Debug|Any CPU
		{C0A3652F-8B82-434B-A5E3-D650A4076848}.Release|Any CPU.ActiveCfg = Release|Any CPU
		{C0A3652F-8B82-434B-A5E3-D650A4076848}.Release|Any CPU.Build.0 = Release|Any CPU
		{183CB811-96F4-4798-9774-A83B5EEE4FCF}.Debug|Any CPU.ActiveCfg = Debug|Any CPU
		{183CB811-96F4-4798-9774-A83B5EEE4FCF}.Debug|Any CPU.Build.0 = Debug|Any CPU
		{183CB811-96F4-4798-9774-A83B5EEE4FCF}.Release|Any CPU.ActiveCfg = Release|Any CPU
		{183CB811-96F4-4798-9774-A83B5EEE4FCF}.Release|Any CPU.Build.0 = Release|Any CPU
		{948CDD22-61DA-4E27-B395-C98735963336}.Debug|Any CPU.ActiveCfg = Debug|Any CPU
		{948CDD22-61DA-4E27-B395-C98735963336}.Debug|Any CPU.Build.0 = Debug|Any CPU
		{948CDD22-61DA-4E27-B395-C98735963336}.Release|Any CPU.ActiveCfg = Release|Any CPU
		{948CDD22-61DA-4E27-B395-C98735963336}.Release|Any CPU.Build.0 = Release|Any CPU
		{7C7E7C13-65EC-4FF7-AA25-E53FC620F61B}.Debug|Any CPU.ActiveCfg = Debug|Any CPU
		{7C7E7C13-65EC-4FF7-AA25-E53FC620F61B}.Debug|Any CPU.Build.0 = Debug|Any CPU
		{7C7E7C13-65EC-4FF7-AA25-E53FC620F61B}.Release|Any CPU.ActiveCfg = Release|Any CPU
		{7C7E7C13-65EC-4FF7-AA25-E53FC620F61B}.Release|Any CPU.Build.0 = Release|Any CPU
		{F80B8897-4134-462E-9A22-2B181C81DCC7}.Debug|Any CPU.ActiveCfg = Debug|Any CPU
		{F80B8897-4134-462E-9A22-2B181C81DCC7}.Debug|Any CPU.Build.0 = Debug|Any CPU
		{F80B8897-4134-462E-9A22-2B181C81DCC7}.Release|Any CPU.ActiveCfg = Release|Any CPU
		{F80B8897-4134-462E-9A22-2B181C81DCC7}.Release|Any CPU.Build.0 = Release|Any CPU
		{8350F82F-E101-4D4A-89F3-25D0362916B3}.Debug|Any CPU.ActiveCfg = Debug|Any CPU
		{8350F82F-E101-4D4A-89F3-25D0362916B3}.Debug|Any CPU.Build.0 = Debug|Any CPU
		{8350F82F-E101-4D4A-89F3-25D0362916B3}.Release|Any CPU.ActiveCfg = Release|Any CPU
		{8350F82F-E101-4D4A-89F3-25D0362916B3}.Release|Any CPU.Build.0 = Release|Any CPU
		{E6F821B8-101C-41C7-B137-8B6CD5539096}.Debug|Any CPU.ActiveCfg = Debug|Any CPU
		{E6F821B8-101C-41C7-B137-8B6CD5539096}.Debug|Any CPU.Build.0 = Debug|Any CPU
		{E6F821B8-101C-41C7-B137-8B6CD5539096}.Release|Any CPU.ActiveCfg = Release|Any CPU
		{E6F821B8-101C-41C7-B137-8B6CD5539096}.Release|Any CPU.Build.0 = Release|Any CPU
		{8B11495D-049A-45DF-9CE8-989FEB3A200E}.Debug|Any CPU.ActiveCfg = Debug|Any CPU
		{8B11495D-049A-45DF-9CE8-989FEB3A200E}.Debug|Any CPU.Build.0 = Debug|Any CPU
		{8B11495D-049A-45DF-9CE8-989FEB3A200E}.Release|Any CPU.ActiveCfg = Release|Any CPU
		{8B11495D-049A-45DF-9CE8-989FEB3A200E}.Release|Any CPU.Build.0 = Release|Any CPU
		{D425064E-3690-4F25-ADBD-6180A5680CC0}.Debug|Any CPU.ActiveCfg = Debug|Any CPU
		{D425064E-3690-4F25-ADBD-6180A5680CC0}.Debug|Any CPU.Build.0 = Debug|Any CPU
		{D425064E-3690-4F25-ADBD-6180A5680CC0}.Release|Any CPU.ActiveCfg = Release|Any CPU
		{D425064E-3690-4F25-ADBD-6180A5680CC0}.Release|Any CPU.Build.0 = Release|Any CPU
		{4E854705-2A73-4B98-83BE-B72EF44FEE96}.Debug|Any CPU.ActiveCfg = Debug|Any CPU
		{4E854705-2A73-4B98-83BE-B72EF44FEE96}.Debug|Any CPU.Build.0 = Debug|Any CPU
		{4E854705-2A73-4B98-83BE-B72EF44FEE96}.Release|Any CPU.ActiveCfg = Release|Any CPU
		{4E854705-2A73-4B98-83BE-B72EF44FEE96}.Release|Any CPU.Build.0 = Release|Any CPU
		{E15E8B96-5CBF-454C-955B-AFE6E230D11B}.Debug|Any CPU.ActiveCfg = Debug|Any CPU
		{E15E8B96-5CBF-454C-955B-AFE6E230D11B}.Debug|Any CPU.Build.0 = Debug|Any CPU
		{E15E8B96-5CBF-454C-955B-AFE6E230D11B}.Release|Any CPU.ActiveCfg = Release|Any CPU
		{E15E8B96-5CBF-454C-955B-AFE6E230D11B}.Release|Any CPU.Build.0 = Release|Any CPU
		{85B5F764-C83F-43FE-88C4-2344EA1BA427}.Debug|Any CPU.ActiveCfg = Debug|Any CPU
		{85B5F764-C83F-43FE-88C4-2344EA1BA427}.Debug|Any CPU.Build.0 = Debug|Any CPU
		{85B5F764-C83F-43FE-88C4-2344EA1BA427}.Release|Any CPU.ActiveCfg = Release|Any CPU
		{85B5F764-C83F-43FE-88C4-2344EA1BA427}.Release|Any CPU.Build.0 = Release|Any CPU
		{FEDBC239-1B5B-43B5-AA08-42FF713F41FE}.Debug|Any CPU.ActiveCfg = Debug|Any CPU
		{FEDBC239-1B5B-43B5-AA08-42FF713F41FE}.Debug|Any CPU.Build.0 = Debug|Any CPU
		{FEDBC239-1B5B-43B5-AA08-42FF713F41FE}.Release|Any CPU.ActiveCfg = Release|Any CPU
		{FEDBC239-1B5B-43B5-AA08-42FF713F41FE}.Release|Any CPU.Build.0 = Release|Any CPU
		{037DBF25-6F36-40E8-BBD4-AD271D0DC8D2}.Debug|Any CPU.ActiveCfg = Debug|Any CPU
		{037DBF25-6F36-40E8-BBD4-AD271D0DC8D2}.Debug|Any CPU.Build.0 = Debug|Any CPU
		{037DBF25-6F36-40E8-BBD4-AD271D0DC8D2}.Release|Any CPU.ActiveCfg = Release|Any CPU
		{037DBF25-6F36-40E8-BBD4-AD271D0DC8D2}.Release|Any CPU.Build.0 = Release|Any CPU
		{46CA1618-A415-43FD-B8FE-F2A534370302}.Debug|Any CPU.ActiveCfg = Debug|Any CPU
		{46CA1618-A415-43FD-B8FE-F2A534370302}.Debug|Any CPU.Build.0 = Debug|Any CPU
		{46CA1618-A415-43FD-B8FE-F2A534370302}.Release|Any CPU.ActiveCfg = Release|Any CPU
		{46CA1618-A415-43FD-B8FE-F2A534370302}.Release|Any CPU.Build.0 = Release|Any CPU
		{32A8C9F0-DB55-4743-9D12-FE130130B8DA}.Debug|Any CPU.ActiveCfg = Debug|Any CPU
		{32A8C9F0-DB55-4743-9D12-FE130130B8DA}.Debug|Any CPU.Build.0 = Debug|Any CPU
		{32A8C9F0-DB55-4743-9D12-FE130130B8DA}.Release|Any CPU.ActiveCfg = Release|Any CPU
		{32A8C9F0-DB55-4743-9D12-FE130130B8DA}.Release|Any CPU.Build.0 = Release|Any CPU
		{12178C97-F557-485C-BE65-A0ADC0ACE586}.Debug|Any CPU.ActiveCfg = Debug|Any CPU
		{12178C97-F557-485C-BE65-A0ADC0ACE586}.Debug|Any CPU.Build.0 = Debug|Any CPU
		{12178C97-F557-485C-BE65-A0ADC0ACE586}.Release|Any CPU.ActiveCfg = Release|Any CPU
		{12178C97-F557-485C-BE65-A0ADC0ACE586}.Release|Any CPU.Build.0 = Release|Any CPU
		{53579318-3D06-43B6-B8EE-F88DAAC1085D}.Debug|Any CPU.ActiveCfg = Debug|Any CPU
		{53579318-3D06-43B6-B8EE-F88DAAC1085D}.Debug|Any CPU.Build.0 = Debug|Any CPU
		{53579318-3D06-43B6-B8EE-F88DAAC1085D}.Release|Any CPU.ActiveCfg = Release|Any CPU
		{53579318-3D06-43B6-B8EE-F88DAAC1085D}.Release|Any CPU.Build.0 = Release|Any CPU
		{34C7E6B5-C955-41A5-A487-A3F93F79D433}.Debug|Any CPU.ActiveCfg = Debug|Any CPU
		{34C7E6B5-C955-41A5-A487-A3F93F79D433}.Debug|Any CPU.Build.0 = Debug|Any CPU
		{34C7E6B5-C955-41A5-A487-A3F93F79D433}.Release|Any CPU.ActiveCfg = Release|Any CPU
		{34C7E6B5-C955-41A5-A487-A3F93F79D433}.Release|Any CPU.Build.0 = Release|Any CPU
		{AFD94AD8-D64C-478F-B8B8-0A4D8DFE6E8B}.Debug|Any CPU.ActiveCfg = Debug|Any CPU
		{AFD94AD8-D64C-478F-B8B8-0A4D8DFE6E8B}.Debug|Any CPU.Build.0 = Debug|Any CPU
		{AFD94AD8-D64C-478F-B8B8-0A4D8DFE6E8B}.Release|Any CPU.ActiveCfg = Release|Any CPU
		{AFD94AD8-D64C-478F-B8B8-0A4D8DFE6E8B}.Release|Any CPU.Build.0 = Release|Any CPU
		{09A43607-D9A1-48BA-8311-CB50FA3D1AAB}.Debug|Any CPU.ActiveCfg = Debug|Any CPU
		{09A43607-D9A1-48BA-8311-CB50FA3D1AAB}.Debug|Any CPU.Build.0 = Debug|Any CPU
		{09A43607-D9A1-48BA-8311-CB50FA3D1AAB}.Release|Any CPU.ActiveCfg = Release|Any CPU
		{09A43607-D9A1-48BA-8311-CB50FA3D1AAB}.Release|Any CPU.Build.0 = Release|Any CPU
		{32E1D32A-4781-4DD9-A357-2D69BDCEB28A}.Debug|Any CPU.ActiveCfg = Debug|Any CPU
		{32E1D32A-4781-4DD9-A357-2D69BDCEB28A}.Debug|Any CPU.Build.0 = Debug|Any CPU
		{32E1D32A-4781-4DD9-A357-2D69BDCEB28A}.Release|Any CPU.ActiveCfg = Release|Any CPU
		{32E1D32A-4781-4DD9-A357-2D69BDCEB28A}.Release|Any CPU.Build.0 = Release|Any CPU
		{62509645-BDA1-4E74-90A3-E0ECA2D73699}.Debug|Any CPU.ActiveCfg = Debug|Any CPU
		{62509645-BDA1-4E74-90A3-E0ECA2D73699}.Debug|Any CPU.Build.0 = Debug|Any CPU
		{62509645-BDA1-4E74-90A3-E0ECA2D73699}.Release|Any CPU.ActiveCfg = Release|Any CPU
		{62509645-BDA1-4E74-90A3-E0ECA2D73699}.Release|Any CPU.Build.0 = Release|Any CPU
		{89348A33-BD8C-40E4-AD85-ACE4D4F5D34B}.Debug|Any CPU.ActiveCfg = Debug|Any CPU
		{89348A33-BD8C-40E4-AD85-ACE4D4F5D34B}.Debug|Any CPU.Build.0 = Debug|Any CPU
		{89348A33-BD8C-40E4-AD85-ACE4D4F5D34B}.Release|Any CPU.ActiveCfg = Release|Any CPU
		{89348A33-BD8C-40E4-AD85-ACE4D4F5D34B}.Release|Any CPU.Build.0 = Release|Any CPU
		{7B6D0960-1809-40DF-8AC5-5C3A783EF1BE}.Debug|Any CPU.ActiveCfg = Debug|Any CPU
		{7B6D0960-1809-40DF-8AC5-5C3A783EF1BE}.Debug|Any CPU.Build.0 = Debug|Any CPU
		{7B6D0960-1809-40DF-8AC5-5C3A783EF1BE}.Release|Any CPU.ActiveCfg = Release|Any CPU
		{7B6D0960-1809-40DF-8AC5-5C3A783EF1BE}.Release|Any CPU.Build.0 = Release|Any CPU
		{108FE894-55BC-4900-8A01-2AE2807C3CAB}.Debug|Any CPU.ActiveCfg = Debug|Any CPU
		{108FE894-55BC-4900-8A01-2AE2807C3CAB}.Debug|Any CPU.Build.0 = Debug|Any CPU
		{108FE894-55BC-4900-8A01-2AE2807C3CAB}.Release|Any CPU.ActiveCfg = Release|Any CPU
		{108FE894-55BC-4900-8A01-2AE2807C3CAB}.Release|Any CPU.Build.0 = Release|Any CPU
		{71836073-E8BC-431F-B833-E83FA837FACF}.Debug|Any CPU.ActiveCfg = Debug|Any CPU
		{71836073-E8BC-431F-B833-E83FA837FACF}.Debug|Any CPU.Build.0 = Debug|Any CPU
		{71836073-E8BC-431F-B833-E83FA837FACF}.Release|Any CPU.ActiveCfg = Release|Any CPU
		{71836073-E8BC-431F-B833-E83FA837FACF}.Release|Any CPU.Build.0 = Release|Any CPU
		{3843963B-97DE-46D7-ABC2-DC7654FDBFCD}.Debug|Any CPU.ActiveCfg = Debug|Any CPU
		{3843963B-97DE-46D7-ABC2-DC7654FDBFCD}.Debug|Any CPU.Build.0 = Debug|Any CPU
		{3843963B-97DE-46D7-ABC2-DC7654FDBFCD}.Release|Any CPU.ActiveCfg = Release|Any CPU
		{3843963B-97DE-46D7-ABC2-DC7654FDBFCD}.Release|Any CPU.Build.0 = Release|Any CPU
		{8A13AE42-F95D-413B-B5E8-23BFDAB90F03}.Debug|Any CPU.ActiveCfg = Debug|Any CPU
		{8A13AE42-F95D-413B-B5E8-23BFDAB90F03}.Debug|Any CPU.Build.0 = Debug|Any CPU
		{8A13AE42-F95D-413B-B5E8-23BFDAB90F03}.Release|Any CPU.ActiveCfg = Release|Any CPU
		{8A13AE42-F95D-413B-B5E8-23BFDAB90F03}.Release|Any CPU.Build.0 = Release|Any CPU
		{1018CC2E-A34C-49E5-B289-10D5B66FE59C}.Debug|Any CPU.ActiveCfg = Debug|Any CPU
		{1018CC2E-A34C-49E5-B289-10D5B66FE59C}.Debug|Any CPU.Build.0 = Debug|Any CPU
		{1018CC2E-A34C-49E5-B289-10D5B66FE59C}.Release|Any CPU.ActiveCfg = Release|Any CPU
		{1018CC2E-A34C-49E5-B289-10D5B66FE59C}.Release|Any CPU.Build.0 = Release|Any CPU
	EndGlobalSection
	GlobalSection(SolutionProperties) = preSolution
		HideSolutionNode = FALSE
	EndGlobalSection
	GlobalSection(NestedProjects) = preSolution
		{302CD5FF-DF64-4BC1-ACAE-970B04C0DB3D} = {C9FD58D4-4BE6-4225-9C3F-949B46004AB5}
		{14F1FB95-EECF-49FB-9D1E-C874C3FBA20A} = {C9FD58D4-4BE6-4225-9C3F-949B46004AB5}
		{795DBB1F-10A9-4B95-8B0B-F2BDC4722406} = {C9FD58D4-4BE6-4225-9C3F-949B46004AB5}
		{C0A3652F-8B82-434B-A5E3-D650A4076848} = {C9FD58D4-4BE6-4225-9C3F-949B46004AB5}
		{183CB811-96F4-4798-9774-A83B5EEE4FCF} = {C9FD58D4-4BE6-4225-9C3F-949B46004AB5}
		{948CDD22-61DA-4E27-B395-C98735963336} = {3EA544A0-BC49-4653-8603-52E060F2743D}
		{7C7E7C13-65EC-4FF7-AA25-E53FC620F61B} = {3EA544A0-BC49-4653-8603-52E060F2743D}
		{F80B8897-4134-462E-9A22-2B181C81DCC7} = {3EA544A0-BC49-4653-8603-52E060F2743D}
		{8350F82F-E101-4D4A-89F3-25D0362916B3} = {3EA544A0-BC49-4653-8603-52E060F2743D}
		{E6F821B8-101C-41C7-B137-8B6CD5539096} = {3EA544A0-BC49-4653-8603-52E060F2743D}
		{8B11495D-049A-45DF-9CE8-989FEB3A200E} = {6E3483F7-4D70-4726-80C8-0849E9F52816}
		{D425064E-3690-4F25-ADBD-6180A5680CC0} = {6E3483F7-4D70-4726-80C8-0849E9F52816}
		{4E854705-2A73-4B98-83BE-B72EF44FEE96} = {6E3483F7-4D70-4726-80C8-0849E9F52816}
		{E15E8B96-5CBF-454C-955B-AFE6E230D11B} = {6E3483F7-4D70-4726-80C8-0849E9F52816}
		{85B5F764-C83F-43FE-88C4-2344EA1BA427} = {6E3483F7-4D70-4726-80C8-0849E9F52816}
		{FEDBC239-1B5B-43B5-AA08-42FF713F41FE} = {FB6B0E24-B8E0-4702-8D2F-AD90E652A641}
		{037DBF25-6F36-40E8-BBD4-AD271D0DC8D2} = {FB6B0E24-B8E0-4702-8D2F-AD90E652A641}
		{46CA1618-A415-43FD-B8FE-F2A534370302} = {FB6B0E24-B8E0-4702-8D2F-AD90E652A641}
		{32A8C9F0-DB55-4743-9D12-FE130130B8DA} = {FB6B0E24-B8E0-4702-8D2F-AD90E652A641}
		{12178C97-F557-485C-BE65-A0ADC0ACE586} = {FB6B0E24-B8E0-4702-8D2F-AD90E652A641}
		{53579318-3D06-43B6-B8EE-F88DAAC1085D} = {5E47501D-94E1-44AE-9037-740FBA237F21}
		{34C7E6B5-C955-41A5-A487-A3F93F79D433} = {5E47501D-94E1-44AE-9037-740FBA237F21}
		{AFD94AD8-D64C-478F-B8B8-0A4D8DFE6E8B} = {5E47501D-94E1-44AE-9037-740FBA237F21}
		{09A43607-D9A1-48BA-8311-CB50FA3D1AAB} = {5E47501D-94E1-44AE-9037-740FBA237F21}
		{32E1D32A-4781-4DD9-A357-2D69BDCEB28A} = {5E47501D-94E1-44AE-9037-740FBA237F21}
		{62509645-BDA1-4E74-90A3-E0ECA2D73699} = {3EA544A0-BC49-4653-8603-52E060F2743D}
		{89348A33-BD8C-40E4-AD85-ACE4D4F5D34B} = {02EA681E-C7D8-13C7-8484-4AC65E1B71E8}
		{7B6D0960-1809-40DF-8AC5-5C3A783EF1BE} = {C9FD58D4-4BE6-4225-9C3F-949B46004AB5}
		{108FE894-55BC-4900-8A01-2AE2807C3CAB} = {FB6B0E24-B8E0-4702-8D2F-AD90E652A641}
		{71836073-E8BC-431F-B833-E83FA837FACF} = {4D260BD5-2B70-4379-9DF2-0E2395E694A6}
		{3843963B-97DE-46D7-ABC2-DC7654FDBFCD} = {4D260BD5-2B70-4379-9DF2-0E2395E694A6}
		{8A13AE42-F95D-413B-B5E8-23BFDAB90F03} = {4D260BD5-2B70-4379-9DF2-0E2395E694A6}
		{1018CC2E-A34C-49E5-B289-10D5B66FE59C} = {4D260BD5-2B70-4379-9DF2-0E2395E694A6}
	EndGlobalSection
	GlobalSection(ExtensibilityGlobals) = postSolution
		SolutionGuid = {F8A0C304-E2EE-4A25-8704-3118BD1ECF70}
	EndGlobalSection
EndGlobal
